
Microsoft Visual Studio Solution File, Format Version 12.00
# Visual Studio Version 17
VisualStudioVersion = 17.6.33712.159
MinimumVisualStudioVersion = 10.0.40219.1
Project("{9A19103F-16F7-4668-BE54-9A1E7A4F7556}") = "BTL_LeKhachManh", "BTL-Lê Khắc Mạnh\BTL_LeKhachManh.csproj", "{95F30C20-A91D-4E50-B121-F534AE863108}"
EndProject
Project("{9A19103F-16F7-4668-BE54-9A1E7A4F7556}") = "DTO", "DTO\DTO.csproj", "{D04653F0-2854-4725-8F0E-C9B771F9C51B}"
EndProject
Project("{9A19103F-16F7-4668-BE54-9A1E7A4F7556}") = "BLL", "BLL\BLL.csproj", "{FA7A528F-BD40-4841-9A2C-295488DBD361}"
EndProject
Project("{9A19103F-16F7-4668-BE54-9A1E7A4F7556}") = "DAL", "DAL\DAL.csproj", "{958D070C-E18F-4CA8-9AF0-F0E71F0CB0FE}"
EndProject
Global
	GlobalSection(SolutionConfigurationPlatforms) = preSolution
		Debug|Any CPU = Debug|Any CPU
		Release|Any CPU = Release|Any CPU
	EndGlobalSection
	GlobalSection(ProjectConfigurationPlatforms) = postSolution
		{95F30C20-A91D-4E50-B121-F534AE863108}.Debug|Any CPU.ActiveCfg = Debug|Any CPU
		{95F30C20-A91D-4E50-B121-F534AE863108}.Debug|Any CPU.Build.0 = Debug|Any CPU
		{95F30C20-A91D-4E50-B121-F534AE863108}.Release|Any CPU.ActiveCfg = Release|Any CPU
		{95F30C20-A91D-4E50-B121-F534AE863108}.Release|Any CPU.Build.0 = Release|Any CPU
		{D04653F0-2854-4725-8F0E-C9B771F9C51B}.Debug|Any CPU.ActiveCfg = Debug|Any CPU
		{D04653F0-2854-4725-8F0E-C9B771F9C51B}.Debug|Any CPU.Build.0 = Debug|Any CPU
		{D04653F0-2854-4725-8F0E-C9B771F9C51B}.Release|Any CPU.ActiveCfg = Release|Any CPU
		{D04653F0-2854-4725-8F0E-C9B771F9C51B}.Release|Any CPU.Build.0 = Release|Any CPU
		{FA7A528F-BD40-4841-9A2C-295488DBD361}.Debug|Any CPU.ActiveCfg = Debug|Any CPU
		{FA7A528F-BD40-4841-9A2C-295488DBD361}.Debug|Any CPU.Build.0 = Debug|Any CPU
		{FA7A528F-BD40-4841-9A2C-295488DBD361}.Release|Any CPU.ActiveCfg = Release|Any CPU
		{FA7A528F-BD40-4841-9A2C-295488DBD361}.Release|Any CPU.Build.0 = Release|Any CPU
		{958D070C-E18F-4CA8-9AF0-F0E71F0CB0FE}.Debug|Any CPU.ActiveCfg = Debug|Any CPU
		{958D070C-E18F-4CA8-9AF0-F0E71F0CB0FE}.Debug|Any CPU.Build.0 = Debug|Any CPU
		{958D070C-E18F-4CA8-9AF0-F0E71F0CB0FE}.Release|Any CPU.ActiveCfg = Release|Any CPU
		{958D070C-E18F-4CA8-9AF0-F0E71F0CB0FE}.Release|Any CPU.Build.0 = Release|Any CPU
	EndGlobalSection
	GlobalSection(SolutionProperties) = preSolution
		HideSolutionNode = FALSE
	EndGlobalSection
	GlobalSection(ExtensibilityGlobals) = postSolution
		SolutionGuid = {F58B0085-E867-4DA5-ABFE-8F7A553D7E0B}
	EndGlobalSection
EndGlobal
